# THIS IS AN AUTOGENERATED FILE. DO NOT EDIT THIS FILE DIRECTLY.
# yarn lockfile v1


"@types/bcryptjs@^2.4.2":
  version "2.4.2"
  resolved "https://registry.yarnpkg.com/@types/bcryptjs/-/bcryptjs-2.4.2.tgz#e3530eac9dd136bfdfb0e43df2c4c5ce1f77dfae"
  integrity sha512-LiMQ6EOPob/4yUL66SZzu6Yh77cbzJFYll+ZfaPiPPFswtIlA/Fs1MzdKYA7JApHU49zQTbJGX3PDmCpIdDBRQ==

"@types/jsonwebtoken@^8.5.5":
  version "8.5.5"
  resolved "https://registry.yarnpkg.com/@types/jsonwebtoken/-/jsonwebtoken-8.5.5.tgz#da5f2f4baee88f052ef3e4db4c1a0afb46cff22c"
  integrity sha512-OGqtHQ7N5/Ap/TUwO6IgHDuLiAoTmHhGpNvgkCm/F4N6pKzx/RBSfr2OXZSwC6vkfnsEdb6+7DNZVtiXiwdwFw==
  dependencies:
    "@types/node" "*"

"@types/node@*":
  version "16.11.4"
  resolved "https://registry.yarnpkg.com/@types/node/-/node-16.11.4.tgz#90771124822d6663814f7c1c9b45a6654d8fd964"
  integrity sha512-TMgXmy0v2xWyuCSCJM6NCna2snndD8yvQF67J29ipdzMcsPa9u+o0tjF5+EQNdhcuZplYuouYqpc4zcd5I6amQ==

bcryptjs@^2.4.3:
  version "2.4.3"
  resolved "https://registry.yarnpkg.com/bcryptjs/-/bcryptjs-2.4.3.tgz#9ab5627b93e60621ff7cdac5da9733027df1d0cb"
  integrity sha1-mrVie5PmBiH/fNrF2pczAn3x0Ms=
